// !$*UTF8*$!
{
	archiveVersion = 1;
	classes = {
	};
	objectVersion = 55;
	objects = {

/* Begin PBXBuildFile section */
		28D48C5827F07E7A00E116EB /* AppDelegate.swift in Sources */ = {isa = PBXBuildFile; fileRef = 28D48C5727F07E7A00E116EB /* AppDelegate.swift */; };
		28D48C5A27F07E7A00E116EB /* SceneDelegate.swift in Sources */ = {isa = PBXBuildFile; fileRef = 28D48C5927F07E7A00E116EB /* SceneDelegate.swift */; };
		28D48C5C27F07E7A00E116EB /* ViewController.swift in Sources */ = {isa = PBXBuildFile; fileRef = 28D48C5B27F07E7A00E116EB /* ViewController.swift */; };
		28D48C5F27F07E7A00E116EB /* Main.storyboard in Resources */ = {isa = PBXBuildFile; fileRef = 28D48C5D27F07E7A00E116EB /* Main.storyboard */; };
		28D48C6127F07E7C00E116EB /* Assets.xcassets in Resources */ = {isa = PBXBuildFile; fileRef = 28D48C6027F07E7C00E116EB /* Assets.xcassets */; };
		28D48C6427F07E7C00E116EB /* LaunchScreen.storyboard in Resources */ = {isa = PBXBuildFile; fileRef = 28D48C6227F07E7C00E116EB /* LaunchScreen.storyboard */; };
		28D48C6F27F0813400E116EB /* DataManager.swift in Sources */ = {isa = PBXBuildFile; fileRef = 28D48C6E27F0813400E116EB /* DataManager.swift */; };
		28D48C7127F0813E00E116EB /* Model.swift in Sources */ = {isa = PBXBuildFile; fileRef = 28D48C7027F0813E00E116EB /* Model.swift */; };
/* End PBXBuildFile section */

/* Begin PBXFileReference section */
		28D48C5427F07E7A00E116EB /* UnitedMusicApp.app */ = {isa = PBXFileReference; explicitFileType = wrapper.application; includeInIndex = 0; path = UnitedMusicApp.app; sourceTree = BUILT_PRODUCTS_DIR; };
		28D48C5727F07E7A00E116EB /* AppDelegate.swift */ = {isa = PBXFileReference; lastKnownFileType = sourcecode.swift; path = AppDelegate.swift; sourceTree = "<group>"; };
		28D48C5927F07E7A00E116EB /* SceneDelegate.swift */ = {isa = PBXFileReference; lastKnownFileType = sourcecode.swift; path = SceneDelegate.swift; sourceTree = "<group>"; };
		28D48C5B27F07E7A00E116EB /* ViewController.swift */ = {isa = PBXFileReference; lastKnownFileType = sourcecode.swift; path = ViewController.swift; sourceTree = "<group>"; };
		28D48C5E27F07E7A00E116EB /* Base */ = {isa = PBXFileReference; lastKnownFileType = file.storyboard; name = Base; path = Base.lproj/Main.storyboard; sourceTree = "<group>"; };
		28D48C6027F07E7C00E116EB /* Assets.xcassets */ = {isa = PBXFileReference; lastKnownFileType = folder.assetcatalog; path = Assets.xcassets; sourceTree = "<group>"; };
		28D48C6327F07E7C00E116EB /* Base */ = {isa = PBXFileReference; lastKnownFileType = file.storyboard; name = Base; path = Base.lproj/LaunchScreen.storyboard; sourceTree = "<group>"; };
		28D48C6527F07E7C00E116EB /* Info.plist */ = {isa = PBXFileReference; lastKnownFileType = text.plist.xml; path = Info.plist; sourceTree = "<group>"; };
		28D48C6E27F0813400E116EB /* DataManager.swift */ = {isa = PBXFileReference; lastKnownFileType = sourcecode.swift; path = DataManager.swift; sourceTree = "<group>"; };
		28D48C7027F0813E00E116EB /* Model.swift */ = {isa = PBXFileReference; lastKnownFileType = sourcecode.swift; path = Model.swift; sourceTree = "<group>"; };
/* End PBXFileReference section */

/* Begin PBXFrameworksBuildPhase section */
		28D48C5127F07E7A00E116EB /* Frameworks */ = {
			isa = PBXFrameworksBuildPhase;
			buildActionMask = 2147483647;
			files = (
			);
			runOnlyForDeploymentPostprocessing = 0;
		};
/* End PBXFrameworksBuildPhase section */

/* Begin PBXGroup section */
		28D48C4B27F07E7A00E116EB = {
			isa = PBXGroup;
			children = (
				28D48C5627F07E7A00E116EB /* UnitedMusicApp */,
				28D48C5527F07E7A00E116EB /* Products */,
			);
			sourceTree = "<group>";
		};
		28D48C5527F07E7A00E116EB /* Products */ = {
			isa = PBXGroup;
			children = (
				28D48C5427F07E7A00E116EB /* UnitedMusicApp.app */,
			);
			name = Products;
			sourceTree = "<group>";
		};
		28D48C5627F07E7A00E116EB /* UnitedMusicApp */ = {
			isa = PBXGroup;
			children = (
				28D48C5727F07E7A00E116EB /* AppDelegate.swift */,
				28D48C5927F07E7A00E116EB /* SceneDelegate.swift */,
				28D48C6D27F0812300E116EB /* Model */,
				28D48C6C27F07F9000E116EB /* ViewControllers */,
				28D48C6B27F07F8800E116EB /* Storyboards */,
				28D48C6027F07E7C00E116EB /* Assets.xcassets */,
				28D48C6527F07E7C00E116EB /* Info.plist */,
			);
			path = UnitedMusicApp;
			sourceTree = "<group>";
		};
		28D48C6B27F07F8800E116EB /* Storyboards */ = {
			isa = PBXGroup;
			children = (
				28D48C5D27F07E7A00E116EB /* Main.storyboard */,
				28D48C6227F07E7C00E116EB /* LaunchScreen.storyboard */,
			);
			path = Storyboards;
			sourceTree = "<group>";
		};
		28D48C6C27F07F9000E116EB /* ViewControllers */ = {
			isa = PBXGroup;
			children = (
				28D48C5B27F07E7A00E116EB /* ViewController.swift */,
			);
			path = ViewControllers;
			sourceTree = "<group>";
		};
		28D48C6D27F0812300E116EB /* Model */ = {
			isa = PBXGroup;
			children = (
				28D48C7027F0813E00E116EB /* Model.swift */,
				28D48C6E27F0813400E116EB /* DataManager.swift */,
			);
			path = Model;
			sourceTree = "<group>";
		};
/* End PBXGroup section */

/* Begin PBXNativeTarget section */
		28D48C5327F07E7A00E116EB /* UnitedMusicApp */ = {
			isa = PBXNativeTarget;
			buildConfigurationList = 28D48C6827F07E7C00E116EB /* Build configuration list for PBXNativeTarget "UnitedMusicApp" */;
			buildPhases = (
				28D48C5027F07E7A00E116EB /* Sources */,
				28D48C5127F07E7A00E116EB /* Frameworks */,
				28D48C5227F07E7A00E116EB /* Resources */,
			);
			buildRules = (
			);
			dependencies = (
			);
			name = UnitedMusicApp;
			productName = UnitedMusicApp;
			productReference = 28D48C5427F07E7A00E116EB /* UnitedMusicApp.app */;
			productType = "com.apple.product-type.application";
		};
/* End PBXNativeTarget section */

/* Begin PBXProject section */
		28D48C4C27F07E7A00E116EB /* Project object */ = {
			isa = PBXProject;
			attributes = {
				BuildIndependentTargetsInParallel = 1;
				LastSwiftUpdateCheck = 1330;
				LastUpgradeCheck = 1330;
				TargetAttributes = {
					28D48C5327F07E7A00E116EB = {
						CreatedOnToolsVersion = 13.3;
					};
				};
			};
			buildConfigurationList = 28D48C4F27F07E7A00E116EB /* Build configuration list for PBXProject "UnitedMusicApp" */;
			compatibilityVersion = "Xcode 13.0";
			developmentRegion = en;
			hasScannedForEncodings = 0;
			knownRegions = (
				en,
				Base,
			);
			mainGroup = 28D48C4B27F07E7A00E116EB;
			productRefGroup = 28D48C5527F07E7A00E116EB /* Products */;
			projectDirPath = "";
			projectRoot = "";
			targets = (
				28D48C5327F07E7A00E116EB /* UnitedMusicApp */,
			);
		};
/* End PBXProject section */

/* Begin PBXResourcesBuildPhase section */
		28D48C5227F07E7A00E116EB /* Resources */ = {
			isa = PBXResourcesBuildPhase;
			buildActionMask = 2147483647;
			files = (
				28D48C6427F07E7C00E116EB /* LaunchScreen.storyboard in Resources */,
				28D48C6127F07E7C00E116EB /* Assets.xcassets in Resources */,
				28D48C5F27F07E7A00E116EB /* Main.storyboard in Resources */,
			);
			runOnlyForDeploymentPostprocessing = 0;
		};
/* End PBXResourcesBuildPhase section */

/* Begin PBXSourcesBuildPhase section */
		28D48C5027F07E7A00E116EB /* Sources */ = {
			isa = PBXSourcesBuildPhase;
			buildActionMask = 2147483647;
			files = (
				28D48C7127F0813E00E116EB /* Model.swift in Sources */,
				28D48C5C27F07E7A00E116EB /* ViewController.swift in Sources */,
				28D48C6F27F0813400E116EB /* DataManager.swift in Sources */,
				28D48C5827F07E7A00E116EB /* AppDelegate.swift in Sources */,
				28D48C5A27F07E7A00E116EB /* SceneDelegate.swift in Sources */,
			);
			runOnlyForDeploymentPostprocessing = 0;
		};
/* End PBXSourcesBuildPhase section */

/* Begin PBXVariantGroup section */
		28D48C5D27F07E7A00E116EB /* Main.storyboard */ = {
			isa = PBXVariantGroup;
			children = (
				28D48C5E27F07E7A00E116EB /* Base */,
			);
			name = Main.storyboard;
			sourceTree = "<group>";
		};
		28D48C6227F07E7C00E116EB /* LaunchScreen.storyboard */ = {
			isa = PBXVariantGroup;
			children = (
				28D48C6327F07E7C00E116EB /* Base */,
			);
			name = LaunchScreen.storyboard;
			sourceTree = "<group>";
		};
/* End PBXVariantGroup section */

/* Begin XCBuildConfiguration section */
		28D48C6627F07E7C00E116EB /* Debug */ = {
			isa = XCBuildConfiguration;
			buildSettings = {
				ALWAYS_SEARCH_USER_PATHS = NO;
				CLANG_ANALYZER_NONNULL = YES;
				CLANG_ANALYZER_NUMBER_OBJECT_CONVERSION = YES_AGGRESSIVE;
				CLANG_CXX_LANGUAGE_STANDARD = "gnu++17";
				CLANG_ENABLE_MODULES = YES;
				CLANG_ENABLE_OBJC_ARC = YES;
				CLANG_ENABLE_OBJC_WEAK = YES;
				CLANG_WARN_BLOCK_CAPTURE_AUTORELEASING = YES;
				CLANG_WARN_BOOL_CONVERSION = YES;
				CLANG_WARN_COMMA = YES;
				CLANG_WARN_CONSTANT_CONVERSION = YES;
				CLANG_WARN_DEPRECATED_OBJC_IMPLEMENTATIONS = YES;
				CLANG_WARN_DIRECT_OBJC_ISA_USAGE = YES_ERROR;
				CLANG_WARN_DOCUMENTATION_COMMENTS = YES;
				CLANG_WARN_EMPTY_BODY = YES;
				CLANG_WARN_ENUM_CONVERSION = YES;
				CLANG_WARN_INFINITE_RECURSION = YES;
				CLANG_WARN_INT_CONVERSION = YES;
				CLANG_WARN_NON_LITERAL_NULL_CONVERSION = YES;
				CLANG_WARN_OBJC_IMPLICIT_RETAIN_SELF = YES;
				CLANG_WARN_OBJC_LITERAL_CONVERSION = YES;
				CLANG_WARN_OBJC_ROOT_CLASS = YES_ERROR;
				CLANG_WARN_QUOTED_INCLUDE_IN_FRAMEWORK_HEADER = YES;
				CLANG_WARN_RANGE_LOOP_ANALYSIS = YES;
				CLANG_WARN_STRICT_PROTOTYPES = YES;
				CLANG_WARN_SUSPICIOUS_MOVE = YES;
				CLANG_WARN_UNGUARDED_AVAILABILITY = YES_AGGRESSIVE;
				CLANG_WARN_UNREACHABLE_CODE = YES;
				CLANG_WARN__DUPLICATE_METHOD_MATCH = YES;
				COPY_PHASE_STRIP = NO;
				DEBUG_INFORMATION_FORMAT = dwarf;
				ENABLE_STRICT_OBJC_MSGSEND = YES;
				ENABLE_TESTABILITY = YES;
				GCC_C_LANGUAGE_STANDARD = gnu11;
				GCC_DYNAMIC_NO_PIC = NO;
				GCC_NO_COMMON_BLOCKS = YES;
				GCC_OPTIMIZATION_LEVEL = 0;
				GCC_PREPROCESSOR_DEFINITIONS = (
					"DEBUG=1",
					"$(inherited)",
				);
				GCC_WARN_64_TO_32_BIT_CONVERSION = YES;
				GCC_WARN_ABOUT_RETURN_TYPE = YES_ERROR;
				GCC_WARN_UNDECLARED_SELECTOR = YES;
				GCC_WARN_UNINITIALIZED_AUTOS = YES_AGGRESSIVE;
				GCC_WARN_UNUSED_FUNCTION = YES;
				GCC_WARN_UNUSED_VARIABLE = YES;
				IPHONEOS_DEPLOYMENT_TARGET = 15.4;
				MTL_ENABLE_DEBUG_INFO = INCLUDE_SOURCE;
				MTL_FAST_MATH = YES;
				ONLY_ACTIVE_ARCH = YES;
				SDKROOT = iphoneos;
				SWIFT_ACTIVE_COMPILATION_CONDITIONS = DEBUG;
				SWIFT_OPTIMIZATION_LEVEL = "-Onone";
			};
			name = Debug;
		};
		28D48C6727F07E7C00E116EB /* Release */ = {
			isa = XCBuildConfiguration;
			buildSettings = {
				ALWAYS_SEARCH_USER_PATHS = NO;
				CLANG_ANALYZER_NONNULL = YES;
				CLANG_ANALYZER_NUMBER_OBJECT_CONVERSION = YES_AGGRESSIVE;
				CLANG_CXX_LANGUAGE_STANDARD = "gnu++17";
				CLANG_ENABLE_MODULES = YES;
				CLANG_ENABLE_OBJC_ARC = YES;
				CLANG_ENABLE_OBJC_WEAK = YES;
				CLANG_WARN_BLOCK_CAPTURE_AUTORELEASING = YES;
				CLANG_WARN_BOOL_CONVERSION = YES;
				CLANG_WARN_COMMA = YES;
				CLANG_WARN_CONSTANT_CONVERSION = YES;
				CLANG_WARN_DEPRECATED_OBJC_IMPLEMENTATIONS = YES;
				CLANG_WARN_DIRECT_OBJC_ISA_USAGE = YES_ERROR;
				CLANG_WARN_DOCUMENTATION_COMMENTS = YES;
				CLANG_WARN_EMPTY_BODY = YES;
				CLANG_WARN_ENUM_CONVERSION = YES;
				CLANG_WARN_INFINITE_RECURSION = YES;
				CLANG_WARN_INT_CONVERSION = YES;
				CLANG_WARN_NON_LITERAL_NULL_CONVERSION = YES;
				CLANG_WARN_OBJC_IMPLICIT_RETAIN_SELF = YES;
				CLANG_WARN_OBJC_LITERAL_CONVERSION = YES;
				CLANG_WARN_OBJC_ROOT_CLASS = YES_ERROR;
				CLANG_WARN_QUOTED_INCLUDE_IN_FRAMEWORK_HEADER = YES;
				CLANG_WARN_RANGE_LOOP_ANALYSIS = YES;
				CLANG_WARN_STRICT_PROTOTYPES = YES;
				CLANG_WARN_SUSPICIOUS_MOVE = YES;
				CLANG_WARN_UNGUARDED_AVAILABILITY = YES_AGGRESSIVE;
				CLANG_WARN_UNREACHABLE_CODE = YES;
				CLANG_WARN__DUPLICATE_METHOD_MATCH = YES;
				COPY_PHASE_STRIP = NO;
				DEBUG_INFORMATION_FORMAT = "dwarf-with-dsym";
				ENABLE_NS_ASSERTIONS = NO;
				ENABLE_STRICT_OBJC_MSGSEND = YES;
				GCC_C_LANGUAGE_STANDARD = gnu11;
				GCC_NO_COMMON_BLOCKS = YES;
				GCC_WARN_64_TO_32_BIT_CONVERSION = YES;
				GCC_WARN_ABOUT_RETURN_TYPE = YES_ERROR;
				GCC_WARN_UNDECLARED_SELECTOR = YES;
				GCC_WARN_UNINITIALIZED_AUTOS = YES_AGGRESSIVE;
				GCC_WARN_UNUSED_FUNCTION = YES;
				GCC_WARN_UNUSED_VARIABLE = YES;
				IPHONEOS_DEPLOYMENT_TARGET = 15.4;
				MTL_ENABLE_DEBUG_INFO = NO;
				MTL_FAST_MATH = YES;
				SDKROOT = iphoneos;
				SWIFT_COMPILATION_MODE = wholemodule;
				SWIFT_OPTIMIZATION_LEVEL = "-O";
				VALIDATE_PRODUCT = YES;
			};
			name = Release;
		};
		28D48C6927F07E7C00E116EB /* Debug */ = {
			isa = XCBuildConfiguration;
			buildSettings = {
				ASSETCATALOG_COMPILER_APPICON_NAME = AppIcon;
				ASSETCATALOG_COMPILER_GLOBAL_ACCENT_COLOR_NAME = AccentColor;
				CODE_SIGN_STYLE = Automatic;
				CURRENT_PROJECT_VERSION = 1;
				GENERATE_INFOPLIST_FILE = YES;
				INFOPLIST_FILE = UnitedMusicApp/Info.plist;
				INFOPLIST_KEY_UIApplicationSupportsIndirectInputEvents = YES;
				INFOPLIST_KEY_UILaunchStoryboardName = LaunchScreen;
				INFOPLIST_KEY_UIMainStoryboardFile = Main;
				INFOPLIST_KEY_UISupportedInterfaceOrientations_iPad = "UIInterfaceOrientationPortrait UIInterfaceOrientationPortraitUpsideDown UIInterfaceOrientationLandscapeLeft UIInterfaceOrientationLandscapeRight";
				INFOPLIST_KEY_UISupportedInterfaceOrientations_iPhone = "UIInterfaceOrientationPortrait UIInterfaceOrientationLandscapeLeft UIInterfaceOrientationLandscapeRight";
				LD_RUNPATH_SEARCH_PATHS = (
					"$(inherited)",
					"@executable_path/Frameworks",
				);
				MARKETING_VERSION = 1.0;
				PRODUCT_BUNDLE_IDENTIFIER = alexrybachev.UnitedMusicApp;
				PRODUCT_NAME = "$(TARGET_NAME)";
				SWIFT_EMIT_LOC_STRINGS = YES;
				SWIFT_VERSION = 5.0;
				TARGETED_DEVICE_FAMILY = "1,2";
			};
			name = Debug;
		};
		28D48C6A27F07E7C00E116EB /* Release */ = {
			isa = XCBuildConfiguration;
			buildSettings = {
				ASSETCATALOG_COMPILER_APPICON_NAME = AppIcon;
				ASSETCATALOG_COMPILER_GLOBAL_ACCENT_COLOR_NAME = AccentColor;
				CODE_SIGN_STYLE = Automatic;
				CURRENT_PROJECT_VERSION = 1;
				GENERATE_INFOPLIST_FILE = YES;
				INFOPLIST_FILE = UnitedMusicApp/Info.plist;
				INFOPLIST_KEY_UIApplicationSupportsIndirectInputEvents = YES;
				INFOPLIST_KEY_UILaunchStoryboardName = LaunchScreen;
				INFOPLIST_KEY_UIMainStoryboardFile = Main;
				INFOPLIST_KEY_UISupportedInterfaceOrientations_iPad = "UIInterfaceOrientationPortrait UIInterfaceOrientationPortraitUpsideDown UIInterfaceOrientationLandscapeLeft UIInterfaceOrientationLandscapeRight";
				INFOPLIST_KEY_UISupportedInterfaceOrientations_iPhone = "UIInterfaceOrientationPortrait UIInterfaceOrientationLandscapeLeft UIInterfaceOrientationLandscapeRight";
				LD_RUNPATH_SEARCH_PATHS = (
					"$(inherited)",
					"@executable_path/Frameworks",
				);
				MARKETING_VERSION = 1.0;
				PRODUCT_BUNDLE_IDENTIFIER = alexrybachev.UnitedMusicApp;
				PRODUCT_NAME = "$(TARGET_NAME)";
				SWIFT_EMIT_LOC_STRINGS = YES;
				SWIFT_VERSION = 5.0;
				TARGETED_DEVICE_FAMILY = "1,2";
			};
			name = Release;
		};
/* End XCBuildConfiguration section */

/* Begin XCConfigurationList section */
		28D48C4F27F07E7A00E116EB /* Build configuration list for PBXProject "UnitedMusicApp" */ = {
			isa = XCConfigurationList;
			buildConfigurations = (
				28D48C6627F07E7C00E116EB /* Debug */,
				28D48C6727F07E7C00E116EB /* Release */,
			);
			defaultConfigurationIsVisible = 0;
			defaultConfigurationName = Release;
		};
		28D48C6827F07E7C00E116EB /* Build configuration list for PBXNativeTarget "UnitedMusicApp" */ = {
			isa = XCConfigurationList;
			buildConfigurations = (
				28D48C6927F07E7C00E116EB /* Debug */,
				28D48C6A27F07E7C00E116EB /* Release */,
			);
			defaultConfigurationIsVisible = 0;
			defaultConfigurationName = Release;
		};
/* End XCConfigurationList section */
	};
	rootObject = 28D48C4C27F07E7A00E116EB /* Project object */;
}
